
Microsoft Visual Studio Solution File, Format Version 12.00
# Visual Studio Version 16
VisualStudioVersion = 16.0.29230.61
MinimumVisualStudioVersion = 10.0.40219.1
Project("{9A19103F-16F7-4668-BE54-9A1E7A4F7556}") = "Chess.Lib.Concrete", "Chess.Lib\Chess.Lib.Concrete.csproj", "{E1776594-0889-4BBB-89A3-F4F97B709785}"
EndProject
Project("{9A19103F-16F7-4668-BE54-9A1E7A4F7556}") = "Chess.Lib.Core", "Chess.Lib.Core\Chess.Lib.Core.csproj", "{1B7A9C51-21D6-4E7B-8DE5-D72D0C37C804}"
EndProject
Project("{9A19103F-16F7-4668-BE54-9A1E7A4F7556}") = "Chess.Test", "Chess.Test\Chess.Test.csproj", "{4AB95D6A-C04F-4D93-A41D-63D532BAF676}"
EndProject
Project("{2150E333-8FDC-42A3-9474-1A3956D46DE8}") = "Solution Items", "Solution Items", "{53A924D2-0BF1-4FE2-BDA3-AC148C642E1C}"
	ProjectSection(SolutionItems) = preProject
		README.md = README.md
	EndProjectSection
EndProject
Project("{9A19103F-16F7-4668-BE54-9A1E7A4F7556}") = "Chess.Repository.Core", "Chess.Repository.Core\Chess.Repository.Core.csproj", "{5B6CCD0E-7DC7-46B8-8069-E6E92DB53B01}"
EndProject
Project("{9A19103F-16F7-4668-BE54-9A1E7A4F7556}") = "Chess.Lib.Enum", "Chess.Lib.Enum\Chess.Lib.Enum.csproj", "{C73B55A4-DAC8-4862-818E-722B3EB2844D}"
EndProject
Project("{9A19103F-16F7-4668-BE54-9A1E7A4F7556}") = "Chess.Startup.Core", "Chess.Startup.Core\Chess.Startup.Core.csproj", "{79CB8C99-BFD8-4620-927F-D91004187D36}"
EndProject
Project("{9A19103F-16F7-4668-BE54-9A1E7A4F7556}") = "Chess.Repository.EntityFramework", "Chess.Repository.EntityFramework\Chess.Repository.EntityFramework.csproj", "{575B768C-CB76-405D-B2E6-4E4C8A9C21E6}"
EndProject
Project("{9A19103F-16F7-4668-BE54-9A1E7A4F7556}") = "Chess.Api", "Chess.Api\Chess.Api.csproj", "{D3DC6F63-A0F9-475D-AAF8-4AA42E326F91}"
EndProject
Project("{FAE04EC0-301F-11D3-BF4B-00C04F79EFBC}") = "Extensions", "Extensions\Extensions.csproj", "{6A1DD50B-FCC5-4EC4-BE82-700783A4CA6F}"
EndProject
Global
	GlobalSection(SolutionConfigurationPlatforms) = preSolution
		Debug|Any CPU = Debug|Any CPU
		Release|Any CPU = Release|Any CPU
	EndGlobalSection
	GlobalSection(ProjectConfigurationPlatforms) = postSolution
		{E1776594-0889-4BBB-89A3-F4F97B709785}.Debug|Any CPU.ActiveCfg = Debug|Any CPU
		{E1776594-0889-4BBB-89A3-F4F97B709785}.Debug|Any CPU.Build.0 = Debug|Any CPU
		{E1776594-0889-4BBB-89A3-F4F97B709785}.Release|Any CPU.ActiveCfg = Release|Any CPU
		{E1776594-0889-4BBB-89A3-F4F97B709785}.Release|Any CPU.Build.0 = Release|Any CPU
		{1B7A9C51-21D6-4E7B-8DE5-D72D0C37C804}.Debug|Any CPU.ActiveCfg = Debug|Any CPU
		{1B7A9C51-21D6-4E7B-8DE5-D72D0C37C804}.Debug|Any CPU.Build.0 = Debug|Any CPU
		{1B7A9C51-21D6-4E7B-8DE5-D72D0C37C804}.Release|Any CPU.ActiveCfg = Release|Any CPU
		{1B7A9C51-21D6-4E7B-8DE5-D72D0C37C804}.Release|Any CPU.Build.0 = Release|Any CPU
		{4AB95D6A-C04F-4D93-A41D-63D532BAF676}.Debug|Any CPU.ActiveCfg = Debug|Any CPU
		{4AB95D6A-C04F-4D93-A41D-63D532BAF676}.Debug|Any CPU.Build.0 = Debug|Any CPU
		{4AB95D6A-C04F-4D93-A41D-63D532BAF676}.Release|Any CPU.ActiveCfg = Release|Any CPU
		{4AB95D6A-C04F-4D93-A41D-63D532BAF676}.Release|Any CPU.Build.0 = Release|Any CPU
		{5B6CCD0E-7DC7-46B8-8069-E6E92DB53B01}.Debug|Any CPU.ActiveCfg = Debug|Any CPU
		{5B6CCD0E-7DC7-46B8-8069-E6E92DB53B01}.Debug|Any CPU.Build.0 = Debug|Any CPU
		{5B6CCD0E-7DC7-46B8-8069-E6E92DB53B01}.Release|Any CPU.ActiveCfg = Release|Any CPU
		{5B6CCD0E-7DC7-46B8-8069-E6E92DB53B01}.Release|Any CPU.Build.0 = Release|Any CPU
		{C73B55A4-DAC8-4862-818E-722B3EB2844D}.Debug|Any CPU.ActiveCfg = Debug|Any CPU
		{C73B55A4-DAC8-4862-818E-722B3EB2844D}.Debug|Any CPU.Build.0 = Debug|Any CPU
		{C73B55A4-DAC8-4862-818E-722B3EB2844D}.Release|Any CPU.ActiveCfg = Release|Any CPU
		{C73B55A4-DAC8-4862-818E-722B3EB2844D}.Release|Any CPU.Build.0 = Release|Any CPU
		{79CB8C99-BFD8-4620-927F-D91004187D36}.Debug|Any CPU.ActiveCfg = Debug|Any CPU
		{79CB8C99-BFD8-4620-927F-D91004187D36}.Debug|Any CPU.Build.0 = Debug|Any CPU
		{79CB8C99-BFD8-4620-927F-D91004187D36}.Release|Any CPU.ActiveCfg = Release|Any CPU
		{79CB8C99-BFD8-4620-927F-D91004187D36}.Release|Any CPU.Build.0 = Release|Any CPU
		{575B768C-CB76-405D-B2E6-4E4C8A9C21E6}.Debug|Any CPU.ActiveCfg = Debug|Any CPU
		{575B768C-CB76-405D-B2E6-4E4C8A9C21E6}.Debug|Any CPU.Build.0 = Debug|Any CPU
		{575B768C-CB76-405D-B2E6-4E4C8A9C21E6}.Release|Any CPU.ActiveCfg = Release|Any CPU
		{575B768C-CB76-405D-B2E6-4E4C8A9C21E6}.Release|Any CPU.Build.0 = Release|Any CPU
		{D3DC6F63-A0F9-475D-AAF8-4AA42E326F91}.Debug|Any CPU.ActiveCfg = Debug|Any CPU
		{D3DC6F63-A0F9-475D-AAF8-4AA42E326F91}.Debug|Any CPU.Build.0 = Debug|Any CPU
		{D3DC6F63-A0F9-475D-AAF8-4AA42E326F91}.Release|Any CPU.ActiveCfg = Release|Any CPU
		{D3DC6F63-A0F9-475D-AAF8-4AA42E326F91}.Release|Any CPU.Build.0 = Release|Any CPU
		{6A1DD50B-FCC5-4EC4-BE82-700783A4CA6F}.Debug|Any CPU.ActiveCfg = Debug|Any CPU
		{6A1DD50B-FCC5-4EC4-BE82-700783A4CA6F}.Debug|Any CPU.Build.0 = Debug|Any CPU
		{6A1DD50B-FCC5-4EC4-BE82-700783A4CA6F}.Release|Any CPU.ActiveCfg = Release|Any CPU
		{6A1DD50B-FCC5-4EC4-BE82-700783A4CA6F}.Release|Any CPU.Build.0 = Release|Any CPU
	EndGlobalSection
	GlobalSection(SolutionProperties) = preSolution
		HideSolutionNode = FALSE
	EndGlobalSection
	GlobalSection(ExtensibilityGlobals) = postSolution
		SolutionGuid = {A3142390-EFBB-483F-8339-1B38534E5681}
	EndGlobalSection
EndGlobal
